version = 1
requires-python = ">=3.12"
resolution-markers = [
    "python_full_version < '3.13'",
    "python_full_version >= '3.13'",
]

[[package]]
name = "annotated-types"
version = "0.7.0"
source = { registry = "https://pypi.org/simple" }
sdist = { url = "https://files.pythonhosted.org/packages/ee/67/531ea369ba64dcff5ec9c3402f9f51bf748cec26dde048a2f973a4eea7f5/annotated_types-0.7.0.tar.gz", hash = "sha256:aff07c09a53a08bc8cfccb9c85b05f1aa9a2a6f23728d790723543408344ce89", size = 16081 }
wheels = [
    { url = "https://files.pythonhosted.org/packages/78/b6/6307fbef88d9b5ee7421e68d78a9f162e0da4900bc5f5793f6d3d0e34fb8/annotated_types-0.7.0-py3-none-any.whl", hash = "sha256:1f02e8b43a8fbbc3f3e0d4f0f4bfc8131bcb4eebe8849b8e5c773f3a1c582a53", size = 13643 },
]

[[package]]
name = "asttokens"
version = "2.4.1"
source = { registry = "https://pypi.org/simple" }
dependencies = [
    { name = "six" },
]
sdist = { url = "https://files.pythonhosted.org/packages/45/1d/f03bcb60c4a3212e15f99a56085d93093a497718adf828d050b9d675da81/asttokens-2.4.1.tar.gz", hash = "sha256:b03869718ba9a6eb027e134bfdf69f38a236d681c83c160d510768af11254ba0", size = 62284 }
wheels = [
    { url = "https://files.pythonhosted.org/packages/45/86/4736ac618d82a20d87d2f92ae19441ebc7ac9e7a581d7e58bbe79233b24a/asttokens-2.4.1-py2.py3-none-any.whl", hash = "sha256:051ed49c3dcae8913ea7cd08e46a606dba30b79993209636c4875bc1d637bc24", size = 27764 },
]

[[package]]
name = "boto3"
version = "1.35.24"
source = { registry = "https://pypi.org/simple" }
dependencies = [
    { name = "botocore" },
    { name = "jmespath" },
    { name = "s3transfer" },
]
sdist = { url = "https://files.pythonhosted.org/packages/c2/e4/b3438c3493a5b534f86308809029dc72c854b6007c331c03893345799a35/boto3-1.35.24.tar.gz", hash = "sha256:be7807f30f26d6c0057e45cfd09dad5968e664488bf4f9138d0bb7a0f6d8ed40", size = 108603 }
wheels = [
    { url = "https://files.pythonhosted.org/packages/5a/d2/3e0071e8ca4ceec9c9199b5cccec570930f77d0a20aba6c0d352eeffd6c8/boto3-1.35.24-py3-none-any.whl", hash = "sha256:97fcc1a14cbc759e4ba9535ced703a99fcf652c9c4b8dfcd06f292c80551684b", size = 139156 },
]

[[package]]
name = "boto3-stubs"
version = "1.35.25"
source = { registry = "https://pypi.org/simple" }
dependencies = [
    { name = "botocore-stubs" },
    { name = "types-s3transfer" },
]
sdist = { url = "https://files.pythonhosted.org/packages/8d/55/6799cd497c7e647006a3e800b8dbd64255df2dfe762a29ed439cb3c4e672/boto3_stubs-1.35.25.tar.gz", hash = "sha256:cece5d8ed36a5c587bfdcb97a1262678023f1a43c0aad54eeab9f389aefa99ec", size = 90881 }
wheels = [
    { url = "https://files.pythonhosted.org/packages/20/9f/0a55797f5fecdd96ee5f8166d95e1d1f06c7e4f0cec2452a01da3efc15d8/boto3_stubs-1.35.25-py3-none-any.whl", hash = "sha256:55dc1e9b9a6c8456d18bd6747ecf30283d84da4c05d321e2233413b009e2a711", size = 61555 },
]

[[package]]
name = "botocore"
version = "1.35.24"
source = { registry = "https://pypi.org/simple" }
dependencies = [
    { name = "jmespath" },
    { name = "python-dateutil" },
    { name = "urllib3" },
]
sdist = { url = "https://files.pythonhosted.org/packages/44/68/8c6e4e8d7ec73f4daa0a1411dd0b3efcb06ed77c8d02ae95c90b85afdcbc/botocore-1.35.24.tar.gz", hash = "sha256:1e59b0f14f4890c4f70bd6a58a634b9464bed1c4c6171f87c8795d974ade614b", size = 12777622 }
wheels = [
    { url = "https://files.pythonhosted.org/packages/f5/84/e8a1220f2fcf06c68970c8ddfe0687cc4eb967c0ad219de5dfed65dd3958/botocore-1.35.24-py3-none-any.whl", hash = "sha256:eb9ccc068255cc3d24c36693fda6aec7786db05ae6c2b13bcba66dce6a13e2e3", size = 12566821 },
]

[[package]]
name = "botocore-stubs"
version = "1.35.25"
source = { registry = "https://pypi.org/simple" }
dependencies = [
    { name = "types-awscrt" },
]
sdist = { url = "https://files.pythonhosted.org/packages/7b/fc/38c6817fdef59ff2c68317fa7f21852ed31ce3502fddc588e699b333baff/botocore_stubs-1.35.25.tar.gz", hash = "sha256:6e721054da8f4d57d6c272fb7f1f5464c28453e14f98811915c0a4a38ae0b456", size = 40598 }
wheels = [
    { url = "https://files.pythonhosted.org/packages/2d/c7/d78ff14e147f9a50051042c86000ca445273f1ef27bfebc7b6d58e7e41b1/botocore_stubs-1.35.25-py3-none-any.whl", hash = "sha256:ce69bb8e20845cf9d626dc94b84639e314e513cab34c9c7de5193da912a3c1f6", size = 60132 },
]

[[package]]
name = "colorama"
version = "0.4.6"
source = { registry = "https://pypi.org/simple" }
sdist = { url = "https://files.pythonhosted.org/packages/d8/53/6f443c9a4a8358a93a6792e2acffb9d9d5cb0a5cfd8802644b7b1c9a02e4/colorama-0.4.6.tar.gz", hash = "sha256:08695f5cb7ed6e0531a20572697297273c47b8cae5a63ffc6d6ed5c201be6e44", size = 27697 }
wheels = [
    { url = "https://files.pythonhosted.org/packages/d1/d6/3965ed04c63042e047cb6a3e6ed1a63a35087b6a609aa3a15ed8ac56c221/colorama-0.4.6-py2.py3-none-any.whl", hash = "sha256:4f1d9991f5acc0ca119f9d443620b77f9d6b33703e51011c16baf57afb285fc6", size = 25335 },
]

[[package]]
name = "decorator"
version = "5.1.1"
source = { registry = "https://pypi.org/simple" }
sdist = { url = "https://files.pythonhosted.org/packages/66/0c/8d907af351aa16b42caae42f9d6aa37b900c67308052d10fdce809f8d952/decorator-5.1.1.tar.gz", hash = "sha256:637996211036b6385ef91435e4fae22989472f9d571faba8927ba8253acbc330", size = 35016 }
wheels = [
    { url = "https://files.pythonhosted.org/packages/d5/50/83c593b07763e1161326b3b8c6686f0f4b0f24d5526546bee538c89837d6/decorator-5.1.1-py3-none-any.whl", hash = "sha256:b8c3f85900b9dc423225913c5aace94729fe1fa9763b38939a95226f02d37186", size = 9073 },
]

[[package]]
name = "executing"
version = "2.1.0"
source = { registry = "https://pypi.org/simple" }
sdist = { url = "https://files.pythonhosted.org/packages/8c/e3/7d45f492c2c4a0e8e0fad57d081a7c8a0286cdd86372b070cca1ec0caa1e/executing-2.1.0.tar.gz", hash = "sha256:8ea27ddd260da8150fa5a708269c4a10e76161e2496ec3e587da9e3c0fe4b9ab", size = 977485 }
wheels = [
    { url = "https://files.pythonhosted.org/packages/b5/fd/afcd0496feca3276f509df3dbd5dae726fcc756f1a08d9e25abe1733f962/executing-2.1.0-py2.py3-none-any.whl", hash = "sha256:8d63781349375b5ebccc3142f4b30350c0cd9c79f921cde38be2be4637e98eaf", size = 25805 },
]

[[package]]
name = "grpcio"
version = "1.66.1"
source = { registry = "https://pypi.org/simple" }
sdist = { url = "https://files.pythonhosted.org/packages/e7/42/94293200e40480d79fc876b2330e7dffb20f959b390afa77c0dbaa0c8372/grpcio-1.66.1.tar.gz", hash = "sha256:35334f9c9745add3e357e3372756fd32d925bd52c41da97f4dfdafbde0bf0ee2", size = 12326405 }
wheels = [
    { url = "https://files.pythonhosted.org/packages/25/31/fa15c10757a8703332d9f9eff2ab676e8f8807e8636c01b965a37f806ded/grpcio-1.66.1-cp312-cp312-linux_armv7l.whl", hash = "sha256:a92c4f58c01c77205df6ff999faa008540475c39b835277fb8883b11cada127a", size = 4912090 },
    { url = "https://files.pythonhosted.org/packages/31/3f/09f796724b44b625e4d294f6df8ab0bb63b4709664bd574ea97a8c0d6159/grpcio-1.66.1-cp312-cp312-macosx_10_9_universal2.whl", hash = "sha256:fdb14bad0835914f325349ed34a51940bc2ad965142eb3090081593c6e347be9", size = 10579733 },
    { url = "https://files.pythonhosted.org/packages/bc/d5/15c5934ac3550f682b04753e5481eca18a3710b220e16d3345a7e6f7c9f6/grpcio-1.66.1-cp312-cp312-manylinux_2_17_aarch64.whl", hash = "sha256:f03a5884c56256e08fd9e262e11b5cfacf1af96e2ce78dc095d2c41ccae2c80d", size = 5421092 },
    { url = "https://files.pythonhosted.org/packages/fa/77/f8ab8d436373ad09e1f8f50bf759b4afc8ad1bc121e5cf7dedd8507a4b63/grpcio-1.66.1-cp312-cp312-manylinux_2_17_i686.manylinux2014_i686.whl", hash = "sha256:2ca2559692d8e7e245d456877a85ee41525f3ed425aa97eb7a70fc9a79df91a0", size = 6028550 },
    { url = "https://files.pythonhosted.org/packages/1d/6c/a813a5b6d716cbc5cc3e496b186b6878816bf5f32aa7f7ae5f9d8dc5e669/grpcio-1.66.1-cp312-cp312-manylinux_2_17_x86_64.manylinux2014_x86_64.whl", hash = "sha256:84ca1be089fb4446490dd1135828bd42a7c7f8421e74fa581611f7afdf7ab761", size = 5672550 },
    { url = "https://files.pythonhosted.org/packages/a0/72/06962e2891fe3846a9dc61547d8ef35151b8976a083187e6647e65306c45/grpcio-1.66.1-cp312-cp312-musllinux_1_1_i686.whl", hash = "sha256:d639c939ad7c440c7b2819a28d559179a4508783f7e5b991166f8d7a34b52815", size = 6354719 },
    { url = "https://files.pythonhosted.org/packages/43/10/4db87a953a3f3c73a8284e176556b6eca33496b8ffaa93107f37f772148e/grpcio-1.66.1-cp312-cp312-musllinux_1_1_x86_64.whl", hash = "sha256:b9feb4e5ec8dc2d15709f4d5fc367794d69277f5d680baf1910fc9915c633524", size = 5933351 },
    { url = "https://files.pythonhosted.org/packages/47/c7/f1fdd77bbe1c6459777a2d604228cc80124373e75d775c2a019755c29182/grpcio-1.66.1-cp312-cp312-win32.whl", hash = "sha256:7101db1bd4cd9b880294dec41a93fcdce465bdbb602cd8dc5bd2d6362b618759", size = 3538005 },
    { url = "https://files.pythonhosted.org/packages/66/2b/a6e68d7ea6f4fbc31cce20e354d6cef484da0a9891ee6a3eaf3aa9659d01/grpcio-1.66.1-cp312-cp312-win_amd64.whl", hash = "sha256:b0aa03d240b5539648d996cc60438f128c7f46050989e35b25f5c18286c86734", size = 4275565 },
]

[[package]]
name = "grpcio-tools"
version = "1.66.1"
source = { registry = "https://pypi.org/simple" }
dependencies = [
    { name = "grpcio" },
    { name = "protobuf" },
    { name = "setuptools" },
]
sdist = { url = "https://files.pythonhosted.org/packages/a0/0a/525e16d71c301a86295efd3ff4c0967b27c0df43bea8679b509a9871f081/grpcio_tools-1.66.1.tar.gz", hash = "sha256:5055ffe840ea8f505c30378be02afb4dbecb33480e554debe10b63d6b2f641c3", size = 5134197 }
wheels = [
    { url = "https://files.pythonhosted.org/packages/4e/56/aca08b9c6b9ee8993a813ce1f368cbc6727b1ad07c310187577043f67cc2/grpcio_tools-1.66.1-cp312-cp312-linux_armv7l.whl", hash = "sha256:869b6960d5daffda0dac1a474b44144f0dace0d4336394e499c4f400c5e2f8d9", size = 2303738 },
    { url = "https://files.pythonhosted.org/packages/3f/57/ac174f49b53575144eff321aa50154258772d0b38cbed0ea43013cfe81b2/grpcio_tools-1.66.1-cp312-cp312-macosx_10_9_universal2.whl", hash = "sha256:68d9390bf9ba863ac147fc722d6548caa587235e887cac1bc2438212e89d1de7", size = 5517167 },
    { url = "https://files.pythonhosted.org/packages/4e/ef/076a7d8c001822748badfbecbc3aae4952d27c96ad3a9ec2a29d4f9b6597/grpcio_tools-1.66.1-cp312-cp312-manylinux_2_17_aarch64.whl", hash = "sha256:b8660401beca7e3af28722439e07b0bcdca80b4a68f5a5a1138ae7b7780a6abf", size = 2277387 },
    { url = "https://files.pythonhosted.org/packages/2b/3d/aee7ced9a7fe03d89614d1c3d4329196cf19f53a500a74a95f30ecd4a8db/grpcio_tools-1.66.1-cp312-cp312-manylinux_2_17_i686.manylinux2014_i686.whl", hash = "sha256:eb67b9aa9cd69468bceb933e8e0f89fd13695746c018c4d2e6b3b84e73f3ad97", size = 2614664 },
    { url = "https://files.pythonhosted.org/packages/f2/5b/301454bf271387d7b9ae0d558c378439f2b04348454a078ef643053ea927/grpcio_tools-1.66.1-cp312-cp312-manylinux_2_17_x86_64.manylinux2014_x86_64.whl", hash = "sha256:5daceb9716e31edc0e1ba0f93303785211438c43502edddad7a919fc4cb3d664", size = 2410380 },
    { url = "https://files.pythonhosted.org/packages/c6/9a/9e4aade28086132bd98ab0b211e20212fb13083804a5d27ddf48db488f7d/grpcio_tools-1.66.1-cp312-cp312-musllinux_1_1_i686.whl", hash = "sha256:0a86398a4cd0665bc7f09fa90b89bac592c959d2c895bf3cf5d47a98c0f2d24c", size = 3220769 },
    { url = "https://files.pythonhosted.org/packages/4c/94/f9ba40533343ba41b9e30dffd0b6aeec547899d96e2abe0d38d9de0e5b66/grpcio_tools-1.66.1-cp312-cp312-musllinux_1_1_x86_64.whl", hash = "sha256:1b4acb53338072ab3023e418a5c7059cb15686abd1607516fa1453406dd5f69d", size = 2862020 },
    { url = "https://files.pythonhosted.org/packages/c2/fc/56363d3f3104db397133a17ee89fc28b3e3336d5b1d828ac9a8ef7de0739/grpcio_tools-1.66.1-cp312-cp312-win32.whl", hash = "sha256:88e04b7546101bc79c868c941777efd5088063a9e4f03b4d7263dde796fbabf7", size = 939849 },
    { url = "https://files.pythonhosted.org/packages/54/72/3d22a6e543971f74afe5a98c6eeb056f14d901c3b47bae6bc10733649c16/grpcio_tools-1.66.1-cp312-cp312-win_amd64.whl", hash = "sha256:5b4fc56abeafae74140f5da29af1093e88ce64811d77f1a81c3146e9e996fb6a", size = 1089734 },
]

[[package]]
name = "ipython"
version = "8.27.0"
source = { registry = "https://pypi.org/simple" }
dependencies = [
    { name = "colorama", marker = "sys_platform == 'win32'" },
    { name = "decorator" },
    { name = "jedi" },
    { name = "matplotlib-inline" },
    { name = "pexpect", marker = "sys_platform != 'emscripten' and sys_platform != 'win32'" },
    { name = "prompt-toolkit" },
    { name = "pygments" },
    { name = "stack-data" },
    { name = "traitlets" },
]
sdist = { url = "https://files.pythonhosted.org/packages/57/24/d4fabaca03c8804bf0b8d994c8ae3a20e57e9330d277fb43d83e558dec5e/ipython-8.27.0.tar.gz", hash = "sha256:0b99a2dc9f15fd68692e898e5568725c6d49c527d36a9fb5960ffbdeaa82ff7e", size = 5494984 }
wheels = [
    { url = "https://files.pythonhosted.org/packages/a8/a2/6c725958e6f135d8e5de081e69841bb2c1d84b3fc259d02eb092b8fc203a/ipython-8.27.0-py3-none-any.whl", hash = "sha256:f68b3cb8bde357a5d7adc9598d57e22a45dfbea19eb6b98286fa3b288c9cd55c", size = 818986 },
]

[[package]]
name = "jedi"
version = "0.19.1"
source = { registry = "https://pypi.org/simple" }
dependencies = [
    { name = "parso" },
]
sdist = { url = "https://files.pythonhosted.org/packages/d6/99/99b493cec4bf43176b678de30f81ed003fd6a647a301b9c927280c600f0a/jedi-0.19.1.tar.gz", hash = "sha256:cf0496f3651bc65d7174ac1b7d043eff454892c708a87d1b683e57b569927ffd", size = 1227821 }
wheels = [
    { url = "https://files.pythonhosted.org/packages/20/9f/bc63f0f0737ad7a60800bfd472a4836661adae21f9c2535f3957b1e54ceb/jedi-0.19.1-py2.py3-none-any.whl", hash = "sha256:e983c654fe5c02867aef4cdfce5a2fbb4a50adc0af145f70504238f18ef5e7e0", size = 1569361 },
]

[[package]]
name = "jmespath"
version = "1.0.1"
source = { registry = "https://pypi.org/simple" }
sdist = { url = "https://files.pythonhosted.org/packages/00/2a/e867e8531cf3e36b41201936b7fa7ba7b5702dbef42922193f05c8976cd6/jmespath-1.0.1.tar.gz", hash = "sha256:90261b206d6defd58fdd5e85f478bf633a2901798906be2ad389150c5c60edbe", size = 25843 }
wheels = [
    { url = "https://files.pythonhosted.org/packages/31/b4/b9b800c45527aadd64d5b442f9b932b00648617eb5d63d2c7a6587b7cafc/jmespath-1.0.1-py3-none-any.whl", hash = "sha256:02e2e4cc71b5bcab88332eebf907519190dd9e6e82107fa7f83b1003a6252980", size = 20256 },
]

[[package]]
name = "matplotlib-inline"
version = "0.1.7"
source = { registry = "https://pypi.org/simple" }
dependencies = [
    { name = "traitlets" },
]
sdist = { url = "https://files.pythonhosted.org/packages/99/5b/a36a337438a14116b16480db471ad061c36c3694df7c2084a0da7ba538b7/matplotlib_inline-0.1.7.tar.gz", hash = "sha256:8423b23ec666be3d16e16b60bdd8ac4e86e840ebd1dd11a30b9f117f2fa0ab90", size = 8159 }
wheels = [
    { url = "https://files.pythonhosted.org/packages/8f/8e/9ad090d3553c280a8060fbf6e24dc1c0c29704ee7d1c372f0c174aa59285/matplotlib_inline-0.1.7-py3-none-any.whl", hash = "sha256:df192d39a4ff8f21b1895d72e6a13f5fcc5099f00fa84384e0ea28c2cc0653ca", size = 9899 },
]

[[package]]
name = "mypy"
version = "1.11.2"
source = { registry = "https://pypi.org/simple" }
dependencies = [
    { name = "mypy-extensions" },
    { name = "typing-extensions" },
]
sdist = { url = "https://files.pythonhosted.org/packages/5c/86/5d7cbc4974fd564550b80fbb8103c05501ea11aa7835edf3351d90095896/mypy-1.11.2.tar.gz", hash = "sha256:7f9993ad3e0ffdc95c2a14b66dee63729f021968bff8ad911867579c65d13a79", size = 3078806 }
wheels = [
    { url = "https://files.pythonhosted.org/packages/35/3a/ed7b12ecc3f6db2f664ccf85cb2e004d3e90bec928e9d7be6aa2f16b7cdf/mypy-1.11.2-cp312-cp312-macosx_10_9_x86_64.whl", hash = "sha256:e8960dbbbf36906c5c0b7f4fbf2f0c7ffb20f4898e6a879fcf56a41a08b0d318", size = 10990335 },
    { url = "https://files.pythonhosted.org/packages/04/e4/1a9051e2ef10296d206519f1df13d2cc896aea39e8683302f89bf5792a59/mypy-1.11.2-cp312-cp312-macosx_11_0_arm64.whl", hash = "sha256:06d26c277962f3fb50e13044674aa10553981ae514288cb7d0a738f495550b36", size = 10007119 },
    { url = "https://files.pythonhosted.org/packages/f3/3c/350a9da895f8a7e87ade0028b962be0252d152e0c2fbaafa6f0658b4d0d4/mypy-1.11.2-cp312-cp312-manylinux_2_17_x86_64.manylinux2014_x86_64.manylinux_2_28_x86_64.whl", hash = "sha256:6e7184632d89d677973a14d00ae4d03214c8bc301ceefcdaf5c474866814c987", size = 12506856 },
    { url = "https://files.pythonhosted.org/packages/b6/49/ee5adf6a49ff13f4202d949544d3d08abb0ea1f3e7f2a6d5b4c10ba0360a/mypy-1.11.2-cp312-cp312-musllinux_1_1_x86_64.whl", hash = "sha256:3a66169b92452f72117e2da3a576087025449018afc2d8e9bfe5ffab865709ca", size = 12952066 },
    { url = "https://files.pythonhosted.org/packages/27/c0/b19d709a42b24004d720db37446a42abadf844d5c46a2c442e2a074d70d9/mypy-1.11.2-cp312-cp312-win_amd64.whl", hash = "sha256:969ea3ef09617aff826885a22ece0ddef69d95852cdad2f60c8bb06bf1f71f70", size = 9664000 },
    { url = "https://files.pythonhosted.org/packages/42/3a/bdf730640ac523229dd6578e8a581795720a9321399de494374afc437ec5/mypy-1.11.2-py3-none-any.whl", hash = "sha256:b499bc07dbdcd3de92b0a8b29fdf592c111276f6a12fe29c30f6c417dd546d12", size = 2619625 },
]

[[package]]
name = "mypy-boto3-s3"
version = "1.35.22"
source = { registry = "https://pypi.org/simple" }
sdist = { url = "https://files.pythonhosted.org/packages/24/b3/a7bdf0613303430af2845e00c41019a73a7e3974b1ab06d05b750cab92b9/mypy_boto3_s3-1.35.22.tar.gz", hash = "sha256:9f64e1196ffecc2c6ab7bee95e848692b5f464a1df14211361ea6bbbc2038387", size = 71991 }
wheels = [
    { url = "https://files.pythonhosted.org/packages/b0/0d/e96056e589098602471c3d6cd08f634576f235b91cfc94c5782c46507472/mypy_boto3_s3-1.35.22-py3-none-any.whl", hash = "sha256:5b5aec56e16ef48766ae81b1807263127eebc4e6bfbeeef3f2f2cb7c30c06d03", size = 79077 },
]

[[package]]
name = "mypy-extensions"
version = "1.0.0"
source = { registry = "https://pypi.org/simple" }
sdist = { url = "https://files.pythonhosted.org/packages/98/a4/1ab47638b92648243faf97a5aeb6ea83059cc3624972ab6b8d2316078d3f/mypy_extensions-1.0.0.tar.gz", hash = "sha256:75dbf8955dc00442a438fc4d0666508a9a97b6bd41aa2f0ffe9d2f2725af0782", size = 4433 }
wheels = [
    { url = "https://files.pythonhosted.org/packages/2a/e2/5d3f6ada4297caebe1a2add3b126fe800c96f56dbe5d1988a2cbe0b267aa/mypy_extensions-1.0.0-py3-none-any.whl", hash = "sha256:4392f6c0eb8a5668a69e23d168ffa70f0be9ccfd32b5cc2d26a34ae5b844552d", size = 4695 },
]

[[package]]
name = "parso"
version = "0.8.4"
source = { registry = "https://pypi.org/simple" }
sdist = { url = "https://files.pythonhosted.org/packages/66/94/68e2e17afaa9169cf6412ab0f28623903be73d1b32e208d9e8e541bb086d/parso-0.8.4.tar.gz", hash = "sha256:eb3a7b58240fb99099a345571deecc0f9540ea5f4dd2fe14c2a99d6b281ab92d", size = 400609 }
wheels = [
    { url = "https://files.pythonhosted.org/packages/c6/ac/dac4a63f978e4dcb3c6d3a78c4d8e0192a113d288502a1216950c41b1027/parso-0.8.4-py2.py3-none-any.whl", hash = "sha256:a418670a20291dacd2dddc80c377c5c3791378ee1e8d12bffc35420643d43f18", size = 103650 },
]

[[package]]
name = "pexpect"
version = "4.9.0"
source = { registry = "https://pypi.org/simple" }
dependencies = [
    { name = "ptyprocess" },
]
sdist = { url = "https://files.pythonhosted.org/packages/42/92/cc564bf6381ff43ce1f4d06852fc19a2f11d180f23dc32d9588bee2f149d/pexpect-4.9.0.tar.gz", hash = "sha256:ee7d41123f3c9911050ea2c2dac107568dc43b2d3b0c7557a33212c398ead30f", size = 166450 }
wheels = [
    { url = "https://files.pythonhosted.org/packages/9e/c3/059298687310d527a58bb01f3b1965787ee3b40dce76752eda8b44e9a2c5/pexpect-4.9.0-py2.py3-none-any.whl", hash = "sha256:7236d1e080e4936be2dc3e326cec0af72acf9212a7e1d060210e70a47e253523", size = 63772 },
]

[[package]]
name = "prompt-toolkit"
version = "3.0.47"
source = { registry = "https://pypi.org/simple" }
dependencies = [
    { name = "wcwidth" },
]
sdist = { url = "https://files.pythonhosted.org/packages/47/6d/0279b119dafc74c1220420028d490c4399b790fc1256998666e3a341879f/prompt_toolkit-3.0.47.tar.gz", hash = "sha256:1e1b29cb58080b1e69f207c893a1a7bf16d127a5c30c9d17a25a5d77792e5360", size = 425859 }
wheels = [
    { url = "https://files.pythonhosted.org/packages/e8/23/22750c4b768f09386d1c3cc4337953e8936f48a888fa6dddfb669b2c9088/prompt_toolkit-3.0.47-py3-none-any.whl", hash = "sha256:0d7bfa67001d5e39d02c224b663abc33687405033a8c422d0d675a5a13361d10", size = 386411 },
]

[[package]]
name = "protobuf"
version = "5.27.5"
source = { registry = "https://pypi.org/simple" }
sdist = { url = "https://files.pythonhosted.org/packages/d8/a6/94e05400fc84f90f1c1476c23388bf2a3d5b8a5f88fdf1f45dc778ba4412/protobuf-5.27.5.tar.gz", hash = "sha256:7fa81bc550201144a32f4478659da06e0b2ebe4d5303aacce9a202a1c3d5178d", size = 401551 }
wheels = [
    { url = "https://files.pythonhosted.org/packages/d9/c9/5ee60cce78a83517b66aaf902c936c6db5b23afd6df7f9906aa67e4931a5/protobuf-5.27.5-cp310-abi3-win32.whl", hash = "sha256:b46647660bc433a43519af7faabe424bf2feb8db6e2293e6906c7aa3a1abefe2", size = 405813 },
    { url = "https://files.pythonhosted.org/packages/78/46/68408f3a013fee550522930db0eb28df4716c5b2bac5055f00847d6dfc91/protobuf-5.27.5-cp310-abi3-win_amd64.whl", hash = "sha256:5aa37101a985559722e84badf583532b0ec92616a2cc5d3f59f6152f136ca46a", size = 426904 },
    { url = "https://files.pythonhosted.org/packages/52/11/e372413162ff4da44edf9220eb5d2cd03ff6a4b87a9b7b298ca729ddbb96/protobuf-5.27.5-cp38-abi3-macosx_10_9_universal2.whl", hash = "sha256:83fc15159713bb1de8e24e025d8739c6c9c6856021d2834d6feb0d1d5c6ec3c6", size = 412232 },
    { url = "https://files.pythonhosted.org/packages/0a/3c/bd25f165ba1bcbc43a0211c962c97007b6d88668a798a2d3c99e7688a08c/protobuf-5.27.5-cp38-abi3-manylinux2014_aarch64.whl", hash = "sha256:56cb4f9ade31597d06a5aca264cb5d9bf445dc07758296004ead080ec8e4087c", size = 307126 },
    { url = "https://files.pythonhosted.org/packages/34/8a/1538a34d6f57d9a2ef68384ef39cca1e00cb4d19398be2873995a50657c7/protobuf-5.27.5-cp38-abi3-manylinux2014_x86_64.whl", hash = "sha256:aab519ebdc1bd7469e7df4011545ff4f81decad6d02f0185ddbe6ee496f1d940", size = 309244 },
    { url = "https://files.pythonhosted.org/packages/5b/22/f3dde34910f908b927dfd6870f33adbb963c90360324d33eb334722acd59/protobuf-5.27.5-py3-none-any.whl", hash = "sha256:03a25e0b2b0271bc63fe009d30890ba907fd36dbe2b8e4851da4bb893d251d05", size = 164755 },
]

[[package]]
name = "ptyprocess"
version = "0.7.0"
source = { registry = "https://pypi.org/simple" }
sdist = { url = "https://files.pythonhosted.org/packages/20/e5/16ff212c1e452235a90aeb09066144d0c5a6a8c0834397e03f5224495c4e/ptyprocess-0.7.0.tar.gz", hash = "sha256:5c5d0a3b48ceee0b48485e0c26037c0acd7d29765ca3fbb5cb3831d347423220", size = 70762 }
wheels = [
    { url = "https://files.pythonhosted.org/packages/22/a6/858897256d0deac81a172289110f31629fc4cee19b6f01283303e18c8db3/ptyprocess-0.7.0-py2.py3-none-any.whl", hash = "sha256:4b41f3967fce3af57cc7e94b888626c18bf37a083e3651ca8feeb66d492fef35", size = 13993 },
]

[[package]]
name = "pure-eval"
version = "0.2.3"
source = { registry = "https://pypi.org/simple" }
sdist = { url = "https://files.pythonhosted.org/packages/cd/05/0a34433a064256a578f1783a10da6df098ceaa4a57bbeaa96a6c0352786b/pure_eval-0.2.3.tar.gz", hash = "sha256:5f4e983f40564c576c7c8635ae88db5956bb2229d7e9237d03b3c0b0190eaf42", size = 19752 }
wheels = [
    { url = "https://files.pythonhosted.org/packages/8e/37/efad0257dc6e593a18957422533ff0f87ede7c9c6ea010a2177d738fb82f/pure_eval-0.2.3-py3-none-any.whl", hash = "sha256:1db8e35b67b3d218d818ae653e27f06c3aa420901fa7b081ca98cbedc874e0d0", size = 11842 },
]

[[package]]
name = "pydantic"
version = "2.9.2"
source = { registry = "https://pypi.org/simple" }
dependencies = [
    { name = "annotated-types" },
    { name = "pydantic-core" },
    { name = "typing-extensions" },
]
sdist = { url = "https://files.pythonhosted.org/packages/a9/b7/d9e3f12af310e1120c21603644a1cd86f59060e040ec5c3a80b8f05fae30/pydantic-2.9.2.tar.gz", hash = "sha256:d155cef71265d1e9807ed1c32b4c8deec042a44a50a4188b25ac67ecd81a9c0f", size = 769917 }
wheels = [
    { url = "https://files.pythonhosted.org/packages/df/e4/ba44652d562cbf0bf320e0f3810206149c8a4e99cdbf66da82e97ab53a15/pydantic-2.9.2-py3-none-any.whl", hash = "sha256:f048cec7b26778210e28a0459867920654d48e5e62db0958433636cde4254f12", size = 434928 },
]

[[package]]
name = "pydantic-core"
version = "2.23.4"
source = { registry = "https://pypi.org/simple" }
dependencies = [
    { name = "typing-extensions" },
]
sdist = { url = "https://files.pythonhosted.org/packages/e2/aa/6b6a9b9f8537b872f552ddd46dd3da230367754b6f707b8e1e963f515ea3/pydantic_core-2.23.4.tar.gz", hash = "sha256:2584f7cf844ac4d970fba483a717dbe10c1c1c96a969bf65d61ffe94df1b2863", size = 402156 }
wheels = [
    { url = "https://files.pythonhosted.org/packages/74/7b/8e315f80666194b354966ec84b7d567da77ad927ed6323db4006cf915f3f/pydantic_core-2.23.4-cp312-cp312-macosx_10_12_x86_64.whl", hash = "sha256:f3e0da4ebaef65158d4dfd7d3678aad692f7666877df0002b8a522cdf088f231", size = 1856459 },
    { url = "https://files.pythonhosted.org/packages/14/de/866bdce10ed808323d437612aca1ec9971b981e1c52e5e42ad9b8e17a6f6/pydantic_core-2.23.4-cp312-cp312-macosx_11_0_arm64.whl", hash = "sha256:f69a8e0b033b747bb3e36a44e7732f0c99f7edd5cea723d45bc0d6e95377ffee", size = 1770007 },
    { url = "https://files.pythonhosted.org/packages/dc/69/8edd5c3cd48bb833a3f7ef9b81d7666ccddd3c9a635225214e044b6e8281/pydantic_core-2.23.4-cp312-cp312-manylinux_2_17_aarch64.manylinux2014_aarch64.whl", hash = "sha256:723314c1d51722ab28bfcd5240d858512ffd3116449c557a1336cbe3919beb87", size = 1790245 },
    { url = "https://files.pythonhosted.org/packages/80/33/9c24334e3af796ce80d2274940aae38dd4e5676298b4398eff103a79e02d/pydantic_core-2.23.4-cp312-cp312-manylinux_2_17_armv7l.manylinux2014_armv7l.whl", hash = "sha256:bb2802e667b7051a1bebbfe93684841cc9351004e2badbd6411bf357ab8d5ac8", size = 1801260 },
    { url = "https://files.pythonhosted.org/packages/a5/6f/e9567fd90104b79b101ca9d120219644d3314962caa7948dd8b965e9f83e/pydantic_core-2.23.4-cp312-cp312-manylinux_2_17_ppc64le.manylinux2014_ppc64le.whl", hash = "sha256:d18ca8148bebe1b0a382a27a8ee60350091a6ddaf475fa05ef50dc35b5df6327", size = 1996872 },
    { url = "https://files.pythonhosted.org/packages/2d/ad/b5f0fe9e6cfee915dd144edbd10b6e9c9c9c9d7a56b69256d124b8ac682e/pydantic_core-2.23.4-cp312-cp312-manylinux_2_17_s390x.manylinux2014_s390x.whl", hash = "sha256:33e3d65a85a2a4a0dc3b092b938a4062b1a05f3a9abde65ea93b233bca0e03f2", size = 2661617 },
    { url = "https://files.pythonhosted.org/packages/06/c8/7d4b708f8d05a5cbfda3243aad468052c6e99de7d0937c9146c24d9f12e9/pydantic_core-2.23.4-cp312-cp312-manylinux_2_17_x86_64.manylinux2014_x86_64.whl", hash = "sha256:128585782e5bfa515c590ccee4b727fb76925dd04a98864182b22e89a4e6ed36", size = 2071831 },
    { url = "https://files.pythonhosted.org/packages/89/4d/3079d00c47f22c9a9a8220db088b309ad6e600a73d7a69473e3a8e5e3ea3/pydantic_core-2.23.4-cp312-cp312-manylinux_2_5_i686.manylinux1_i686.whl", hash = "sha256:68665f4c17edcceecc112dfed5dbe6f92261fb9d6054b47d01bf6371a6196126", size = 1917453 },
    { url = "https://files.pythonhosted.org/packages/e9/88/9df5b7ce880a4703fcc2d76c8c2d8eb9f861f79d0c56f4b8f5f2607ccec8/pydantic_core-2.23.4-cp312-cp312-musllinux_1_1_aarch64.whl", hash = "sha256:20152074317d9bed6b7a95ade3b7d6054845d70584216160860425f4fbd5ee9e", size = 1968793 },
    { url = "https://files.pythonhosted.org/packages/e3/b9/41f7efe80f6ce2ed3ee3c2dcfe10ab7adc1172f778cc9659509a79518c43/pydantic_core-2.23.4-cp312-cp312-musllinux_1_1_x86_64.whl", hash = "sha256:9261d3ce84fa1d38ed649c3638feefeae23d32ba9182963e465d58d62203bd24", size = 2116872 },
    { url = "https://files.pythonhosted.org/packages/63/08/b59b7a92e03dd25554b0436554bf23e7c29abae7cce4b1c459cd92746811/pydantic_core-2.23.4-cp312-none-win32.whl", hash = "sha256:4ba762ed58e8d68657fc1281e9bb72e1c3e79cc5d464be146e260c541ec12d84", size = 1738535 },
    { url = "https://files.pythonhosted.org/packages/88/8d/479293e4d39ab409747926eec4329de5b7129beaedc3786eca070605d07f/pydantic_core-2.23.4-cp312-none-win_amd64.whl", hash = "sha256:97df63000f4fea395b2824da80e169731088656d1818a11b95f3b173747b6cd9", size = 1917992 },
    { url = "https://files.pythonhosted.org/packages/ad/ef/16ee2df472bf0e419b6bc68c05bf0145c49247a1095e85cee1463c6a44a1/pydantic_core-2.23.4-cp313-cp313-macosx_10_12_x86_64.whl", hash = "sha256:7530e201d10d7d14abce4fb54cfe5b94a0aefc87da539d0346a484ead376c3cc", size = 1856143 },
    { url = "https://files.pythonhosted.org/packages/da/fa/bc3dbb83605669a34a93308e297ab22be82dfb9dcf88c6cf4b4f264e0a42/pydantic_core-2.23.4-cp313-cp313-macosx_11_0_arm64.whl", hash = "sha256:df933278128ea1cd77772673c73954e53a1c95a4fdf41eef97c2b779271bd0bd", size = 1770063 },
    { url = "https://files.pythonhosted.org/packages/4e/48/e813f3bbd257a712303ebdf55c8dc46f9589ec74b384c9f652597df3288d/pydantic_core-2.23.4-cp313-cp313-manylinux_2_17_aarch64.manylinux2014_aarch64.whl", hash = "sha256:0cb3da3fd1b6a5d0279a01877713dbda118a2a4fc6f0d821a57da2e464793f05", size = 1790013 },
    { url = "https://files.pythonhosted.org/packages/b4/e0/56eda3a37929a1d297fcab1966db8c339023bcca0b64c5a84896db3fcc5c/pydantic_core-2.23.4-cp313-cp313-manylinux_2_17_armv7l.manylinux2014_armv7l.whl", hash = "sha256:42c6dcb030aefb668a2b7009c85b27f90e51e6a3b4d5c9bc4c57631292015b0d", size = 1801077 },
    { url = "https://files.pythonhosted.org/packages/04/be/5e49376769bfbf82486da6c5c1683b891809365c20d7c7e52792ce4c71f3/pydantic_core-2.23.4-cp313-cp313-manylinux_2_17_ppc64le.manylinux2014_ppc64le.whl", hash = "sha256:696dd8d674d6ce621ab9d45b205df149399e4bb9aa34102c970b721554828510", size = 1996782 },
    { url = "https://files.pythonhosted.org/packages/bc/24/e3ee6c04f1d58cc15f37bcc62f32c7478ff55142b7b3e6d42ea374ea427c/pydantic_core-2.23.4-cp313-cp313-manylinux_2_17_s390x.manylinux2014_s390x.whl", hash = "sha256:2971bb5ffe72cc0f555c13e19b23c85b654dd2a8f7ab493c262071377bfce9f6", size = 2661375 },
    { url = "https://files.pythonhosted.org/packages/c1/f8/11a9006de4e89d016b8de74ebb1db727dc100608bb1e6bbe9d56a3cbbcce/pydantic_core-2.23.4-cp313-cp313-manylinux_2_17_x86_64.manylinux2014_x86_64.whl", hash = "sha256:8394d940e5d400d04cad4f75c0598665cbb81aecefaca82ca85bd28264af7f9b", size = 2071635 },
    { url = "https://files.pythonhosted.org/packages/7c/45/bdce5779b59f468bdf262a5bc9eecbae87f271c51aef628d8c073b4b4b4c/pydantic_core-2.23.4-cp313-cp313-manylinux_2_5_i686.manylinux1_i686.whl", hash = "sha256:0dff76e0602ca7d4cdaacc1ac4c005e0ce0dcfe095d5b5259163a80d3a10d327", size = 1916994 },
    { url = "https://files.pythonhosted.org/packages/d8/fa/c648308fe711ee1f88192cad6026ab4f925396d1293e8356de7e55be89b5/pydantic_core-2.23.4-cp313-cp313-musllinux_1_1_aarch64.whl", hash = "sha256:7d32706badfe136888bdea71c0def994644e09fff0bfe47441deaed8e96fdbc6", size = 1968877 },
    { url = "https://files.pythonhosted.org/packages/16/16/b805c74b35607d24d37103007f899abc4880923b04929547ae68d478b7f4/pydantic_core-2.23.4-cp313-cp313-musllinux_1_1_x86_64.whl", hash = "sha256:ed541d70698978a20eb63d8c5d72f2cc6d7079d9d90f6b50bad07826f1320f5f", size = 2116814 },
    { url = "https://files.pythonhosted.org/packages/d1/58/5305e723d9fcdf1c5a655e6a4cc2a07128bf644ff4b1d98daf7a9dbf57da/pydantic_core-2.23.4-cp313-none-win32.whl", hash = "sha256:3d5639516376dce1940ea36edf408c554475369f5da2abd45d44621cb616f769", size = 1738360 },
    { url = "https://files.pythonhosted.org/packages/a5/ae/e14b0ff8b3f48e02394d8acd911376b7b66e164535687ef7dc24ea03072f/pydantic_core-2.23.4-cp313-none-win_amd64.whl", hash = "sha256:5a1504ad17ba4210df3a045132a7baeeba5a200e930f57512ee02909fc5c4cb5", size = 1919411 },
]

[[package]]
name = "pygments"
version = "2.18.0"
source = { registry = "https://pypi.org/simple" }
sdist = { url = "https://files.pythonhosted.org/packages/8e/62/8336eff65bcbc8e4cb5d05b55faf041285951b6e80f33e2bff2024788f31/pygments-2.18.0.tar.gz", hash = "sha256:786ff802f32e91311bff3889f6e9a86e81505fe99f2735bb6d60ae0c5004f199", size = 4891905 }
wheels = [
    { url = "https://files.pythonhosted.org/packages/f7/3f/01c8b82017c199075f8f788d0d906b9ffbbc5a47dc9918a945e13d5a2bda/pygments-2.18.0-py3-none-any.whl", hash = "sha256:b8e6aca0523f3ab76fee51799c488e38782ac06eafcf95e7ba832985c8e7b13a", size = 1205513 },
]

[[package]]
name = "python-dateutil"
version = "2.9.0.post0"
source = { registry = "https://pypi.org/simple" }
dependencies = [
    { name = "six" },
]
sdist = { url = "https://files.pythonhosted.org/packages/66/c0/0c8b6ad9f17a802ee498c46e004a0eb49bc148f2fd230864601a86dcf6db/python-dateutil-2.9.0.post0.tar.gz", hash = "sha256:37dd54208da7e1cd875388217d5e00ebd4179249f90fb72437e91a35459a0ad3", size = 342432 }
wheels = [
    { url = "https://files.pythonhosted.org/packages/ec/57/56b9bcc3c9c6a792fcbaf139543cee77261f3651ca9da0c93f5c1221264b/python_dateutil-2.9.0.post0-py2.py3-none-any.whl", hash = "sha256:a8b2bc7bffae282281c8140a97d3aa9c14da0b136dfe83f850eea9a5f7470427", size = 229892 },
]

[[package]]
name = "redis"
version = "5.0.8"
source = { registry = "https://pypi.org/simple" }
sdist = { url = "https://files.pythonhosted.org/packages/48/10/defc227d65ea9c2ff5244645870859865cba34da7373477c8376629746ec/redis-5.0.8.tar.gz", hash = "sha256:0c5b10d387568dfe0698c6fad6615750c24170e548ca2deac10c649d463e9870", size = 4595651 }
wheels = [
    { url = "https://files.pythonhosted.org/packages/c5/d1/19a9c76811757684a0f74adc25765c8a901d67f9f6472ac9d57c844a23c8/redis-5.0.8-py3-none-any.whl", hash = "sha256:56134ee08ea909106090934adc36f65c9bcbbaecea5b21ba704ba6fb561f8eb4", size = 255608 },
]

[[package]]
name = "ruff"
version = "0.6.6"
source = { registry = "https://pypi.org/simple" }
sdist = { url = "https://files.pythonhosted.org/packages/70/47/8220a40d1e60042d3a3a1cdf81cbafe674475cf8d60db2e28d0e4e004069/ruff-0.6.6.tar.gz", hash = "sha256:0fc030b6fd14814d69ac0196396f6761921bd20831725c7361e1b8100b818034", size = 3070828 }
wheels = [
    { url = "https://files.pythonhosted.org/packages/25/34/a34080926faed8ee41a4faf34e5993e367cd414cec543301113b0930f640/ruff-0.6.6-py3-none-linux_armv6l.whl", hash = "sha256:f5bc5398457484fc0374425b43b030e4668ed4d2da8ee7fdda0e926c9f11ccfb", size = 11353484 },
    { url = "https://files.pythonhosted.org/packages/22/ad/9c0b2fae42bfb54b91161b29b6b73bf73bfe7ddc03d5d3d0b4884a49df95/ruff-0.6.6-py3-none-macosx_10_12_x86_64.whl", hash = "sha256:515a698254c9c47bb84335281a170213b3ee5eb47feebe903e1be10087a167ce", size = 11011998 },
    { url = "https://files.pythonhosted.org/packages/93/69/e406b534cbe2f4b992de0f4a8f9a790e4b93a3f5ca56f151e2665db95625/ruff-0.6.6-py3-none-macosx_11_0_arm64.whl", hash = "sha256:6bb1b4995775f1837ab70f26698dd73852bbb82e8f70b175d2713c0354fe9182", size = 10524580 },
    { url = "https://files.pythonhosted.org/packages/26/5b/2e6fd424d78bd942dbf51f4a29512d5e698bfd9cad1245ad50ea679d5aa8/ruff-0.6.6-py3-none-manylinux_2_17_aarch64.manylinux2014_aarch64.whl", hash = "sha256:69c546f412dfae8bb9cc4f27f0e45cdd554e42fecbb34f03312b93368e1cd0a6", size = 11652644 },
    { url = "https://files.pythonhosted.org/packages/05/73/e6eab18071ac908135bcc9873c0bde240cffd8d5cfcfef8efa00eae186e4/ruff-0.6.6-py3-none-manylinux_2_17_armv7l.manylinux2014_armv7l.whl", hash = "sha256:59627e97364329e4eae7d86fa7980c10e2b129e2293d25c478ebcb861b3e3fd6", size = 11096545 },
    { url = "https://files.pythonhosted.org/packages/63/64/e8da4e45174067e584f4d1105a160e018d8148158da7275a52f6090bd4bc/ruff-0.6.6-py3-none-manylinux_2_17_i686.manylinux2014_i686.whl", hash = "sha256:94c3f78c3d32190aafbb6bc5410c96cfed0a88aadb49c3f852bbc2aa9783a7d8", size = 12005773 },
    { url = "https://files.pythonhosted.org/packages/2b/71/57fb76dc5a93cfa2c7d2a848d0c103e493c6553db3cbf30d642da522ee38/ruff-0.6.6-py3-none-manylinux_2_17_ppc64.manylinux2014_ppc64.whl", hash = "sha256:704da526c1e137f38c8a067a4a975fe6834b9f8ba7dbc5fd7503d58148851b8f", size = 12758296 },
    { url = "https://files.pythonhosted.org/packages/5a/85/583c969d1b6725aefeef2eb45e88e8ea55c30e017be8e158c322ee8bea56/ruff-0.6.6-py3-none-manylinux_2_17_ppc64le.manylinux2014_ppc64le.whl", hash = "sha256:efeede5815a24104579a0f6320660536c5ffc1c91ae94f8c65659af915fb9de9", size = 12295191 },
    { url = "https://files.pythonhosted.org/packages/a6/eb/7496d2de40818ea32c0ffb75aff405b9de7dda079bcdd45952eb17216e37/ruff-0.6.6-py3-none-manylinux_2_17_s390x.manylinux2014_s390x.whl", hash = "sha256:e368aef0cc02ca3593eae2fb8186b81c9c2b3f39acaaa1108eb6b4d04617e61f", size = 13402527 },
    { url = "https://files.pythonhosted.org/packages/71/27/873696e146821535c84ad2a8dc488fe78298cd0fd1a0d24a946991363b50/ruff-0.6.6-py3-none-manylinux_2_17_x86_64.manylinux2014_x86_64.whl", hash = "sha256:2653fc3b2a9315bd809725c88dd2446550099728d077a04191febb5ea79a4f79", size = 11872520 },
    { url = "https://files.pythonhosted.org/packages/fd/88/6da14ef37b88c42191246a217c58e1d5f0a83db9748e018e94ad05936466/ruff-0.6.6-py3-none-musllinux_1_2_aarch64.whl", hash = "sha256:bb858cd9ce2d062503337c5b9784d7b583bcf9d1a43c4df6ccb5eab774fbafcb", size = 11683880 },
    { url = "https://files.pythonhosted.org/packages/37/a3/8b9650748f72552e83f11f1d16786a24346128f4460d5b6945ed1f651901/ruff-0.6.6-py3-none-musllinux_1_2_armv7l.whl", hash = "sha256:488f8e15c01ea9afb8c0ba35d55bd951f484d0c1b7c5fd746ce3c47ccdedce68", size = 11186349 },
    { url = "https://files.pythonhosted.org/packages/ba/92/49523f745cf2330de1347110048cfd453de9486bef5498360595b6627074/ruff-0.6.6-py3-none-musllinux_1_2_i686.whl", hash = "sha256:aefb0bd15f1cfa4c9c227b6120573bb3d6c4ee3b29fb54a5ad58f03859bc43c6", size = 11555881 },
    { url = "https://files.pythonhosted.org/packages/99/cc/cd9ca48cb0b9b1b52710dd2f1e30c347f6cee5c455b53368665d274bfcd4/ruff-0.6.6-py3-none-musllinux_1_2_x86_64.whl", hash = "sha256:a4c0698cc780bcb2c61496cbd56b6a3ac0ad858c966652f7dbf4ceb029252fbe", size = 11956426 },
    { url = "https://files.pythonhosted.org/packages/9d/a2/35c45a784d86daf6dab1510cbb5e572bee33b5c035e6f8e78f510c393acf/ruff-0.6.6-py3-none-win32.whl", hash = "sha256:aadf81ddc8ab5b62da7aae78a91ec933cbae9f8f1663ec0325dae2c364e4ad84", size = 9263539 },
    { url = "https://files.pythonhosted.org/packages/4a/87/c2a6fa6d1ec73a0f8b0713d69a29f8cdc17b251cd0e0ca3a96a78246ddce/ruff-0.6.6-py3-none-win_amd64.whl", hash = "sha256:0adb801771bc1f1b8cf4e0a6fdc30776e7c1894810ff3b344e50da82ef50eeb1", size = 10114810 },
    { url = "https://files.pythonhosted.org/packages/aa/b3/bfe8725d1c38addc86a2b5674ba4e3fd8ab3edb320dcd3f815b227b78b84/ruff-0.6.6-py3-none-win_arm64.whl", hash = "sha256:4b4d32c137bc781c298964dd4e52f07d6f7d57c03eae97a72d97856844aa510a", size = 9485847 },
]

[[package]]
name = "s3transfer"
version = "0.10.2"
source = { registry = "https://pypi.org/simple" }
dependencies = [
    { name = "botocore" },
]
sdist = { url = "https://files.pythonhosted.org/packages/cb/67/94c6730ee4c34505b14d94040e2f31edf144c230b6b49e971b4f25ff8fab/s3transfer-0.10.2.tar.gz", hash = "sha256:0711534e9356d3cc692fdde846b4a1e4b0cb6519971860796e6bc4c7aea00ef6", size = 144095 }
wheels = [
    { url = "https://files.pythonhosted.org/packages/3c/4a/b221409913760d26cf4498b7b1741d510c82d3ad38381984a3ddc135ec66/s3transfer-0.10.2-py3-none-any.whl", hash = "sha256:eca1c20de70a39daee580aef4986996620f365c4e0fda6a86100231d62f1bf69", size = 82716 },
]

[[package]]
name = "seniority"
version = "0.1.0"
source = { editable = "." }
dependencies = [
    { name = "boto3" },
    { name = "grpcio" },
    { name = "grpcio-tools" },
    { name = "mypy-boto3-s3" },
    { name = "protobuf" },
    { name = "pydantic" },
    { name = "redis" },
]

[package.dev-dependencies]
dev = [
    { name = "boto3-stubs" },
    { name = "ipython" },
    { name = "mypy" },
    { name = "ruff" },
    { name = "types-protobuf" },
]

[package.metadata]
requires-dist = [
    { name = "boto3", specifier = ">=1.35.24,<1.36" },
    { name = "grpcio", specifier = ">=1.66.1,<1.67" },
    { name = "grpcio-tools", specifier = ">=1.66.1,<1.67" },
    { name = "mypy-boto3-s3", specifier = ">=1.35.22,<1.36" },
    { name = "protobuf", specifier = ">=5.27.2,<5.28.0" },
    { name = "pydantic", specifier = ">=2.9.2,<2.10" },
    { name = "redis", specifier = ">=5.0.8,<5.1" },
]

[package.metadata.requires-dev]
dev = [
    { name = "boto3-stubs", specifier = ">=1.35.22,<1.36" },
    { name = "ipython", specifier = ">=8.27.0" },
    { name = "mypy", specifier = ">=1.11.2" },
    { name = "ruff", specifier = ">=0.6.6" },
    { name = "types-protobuf", specifier = ">=5.27.0.20240920,<5.28" },
]

[[package]]
name = "setuptools"
version = "75.1.0"
source = { registry = "https://pypi.org/simple" }
sdist = { url = "https://files.pythonhosted.org/packages/27/b8/f21073fde99492b33ca357876430822e4800cdf522011f18041351dfa74b/setuptools-75.1.0.tar.gz", hash = "sha256:d59a21b17a275fb872a9c3dae73963160ae079f1049ed956880cd7c09b120538", size = 1348057 }
wheels = [
    { url = "https://files.pythonhosted.org/packages/ff/ae/f19306b5a221f6a436d8f2238d5b80925004093fa3edea59835b514d9057/setuptools-75.1.0-py3-none-any.whl", hash = "sha256:35ab7fd3bcd95e6b7fd704e4a1539513edad446c097797f2985e0e4b960772f2", size = 1248506 },
]

[[package]]
name = "six"
version = "1.16.0"
source = { registry = "https://pypi.org/simple" }
sdist = { url = "https://files.pythonhosted.org/packages/71/39/171f1c67cd00715f190ba0b100d606d440a28c93c7714febeca8b79af85e/six-1.16.0.tar.gz", hash = "sha256:1e61c37477a1626458e36f7b1d82aa5c9b094fa4802892072e49de9c60c4c926", size = 34041 }
wheels = [
    { url = "https://files.pythonhosted.org/packages/d9/5a/e7c31adbe875f2abbb91bd84cf2dc52d792b5a01506781dbcf25c91daf11/six-1.16.0-py2.py3-none-any.whl", hash = "sha256:8abb2f1d86890a2dfb989f9a77cfcfd3e47c2a354b01111771326f8aa26e0254", size = 11053 },
]

[[package]]
name = "stack-data"
version = "0.6.3"
source = { registry = "https://pypi.org/simple" }
dependencies = [
    { name = "asttokens" },
    { name = "executing" },
    { name = "pure-eval" },
]
sdist = { url = "https://files.pythonhosted.org/packages/28/e3/55dcc2cfbc3ca9c29519eb6884dd1415ecb53b0e934862d3559ddcb7e20b/stack_data-0.6.3.tar.gz", hash = "sha256:836a778de4fec4dcd1dcd89ed8abff8a221f58308462e1c4aa2a3cf30148f0b9", size = 44707 }
wheels = [
    { url = "https://files.pythonhosted.org/packages/f1/7b/ce1eafaf1a76852e2ec9b22edecf1daa58175c090266e9f6c64afcd81d91/stack_data-0.6.3-py3-none-any.whl", hash = "sha256:d5558e0c25a4cb0853cddad3d77da9891a08cb85dd9f9f91b9f8cd66e511e695", size = 24521 },
]

[[package]]
name = "traitlets"
version = "5.14.3"
source = { registry = "https://pypi.org/simple" }
sdist = { url = "https://files.pythonhosted.org/packages/eb/79/72064e6a701c2183016abbbfedaba506d81e30e232a68c9f0d6f6fcd1574/traitlets-5.14.3.tar.gz", hash = "sha256:9ed0579d3502c94b4b3732ac120375cda96f923114522847de4b3bb98b96b6b7", size = 161621 }
wheels = [
    { url = "https://files.pythonhosted.org/packages/00/c0/8f5d070730d7836adc9c9b6408dec68c6ced86b304a9b26a14df072a6e8c/traitlets-5.14.3-py3-none-any.whl", hash = "sha256:b74e89e397b1ed28cc831db7aea759ba6640cb3de13090ca145426688ff1ac4f", size = 85359 },
]

[[package]]
name = "types-awscrt"
version = "0.21.5"
source = { registry = "https://pypi.org/simple" }
sdist = { url = "https://files.pythonhosted.org/packages/ed/19/727e4a2dba3a12fb4b176ebc707210380aefaccd7e661b4e455fddc247e0/types_awscrt-0.21.5.tar.gz", hash = "sha256:9f7f47de68799cb2bcb9e486f48d77b9f58962b92fba43cb8860da70b3c57d1b", size = 14967 }
wheels = [
    { url = "https://files.pythonhosted.org/packages/85/0a/3b27278c9a28d4a9140ad6b3a8bffa88ad358293fc11ce45461048e928eb/types_awscrt-0.21.5-py3-none-any.whl", hash = "sha256:117ff2b1bb657f09d01b7e0ce3fe3fa6e039be12d30b826896182725c9ce85b1", size = 18406 },
]

[[package]]
name = "types-protobuf"
version = "5.27.0.20240920"
source = { registry = "https://pypi.org/simple" }
sdist = { url = "https://files.pythonhosted.org/packages/36/cf/80b689ffdafaeeef50bdb474026349b1cc225b4da628cdb924133020055c/types-protobuf-5.27.0.20240920.tar.gz", hash = "sha256:992d695315d11eb2d25e806122c9e1fd9fec282e96104f0a0cb9226cd5d90293", size = 54283 }
wheels = [
    { url = "https://files.pythonhosted.org/packages/85/63/b92c752d9ec4e3da67d4daa7d4b25dfbca557c0be4d13bf9640424edc7fe/types_protobuf-5.27.0.20240920-py3-none-any.whl", hash = "sha256:c04140bd3c761a55f4e661372b24a6f508169e0815f2b73da33f34b447ed7a8d", size = 68771 },
]

[[package]]
name = "types-s3transfer"
version = "0.10.2"
source = { registry = "https://pypi.org/simple" }
sdist = { url = "https://files.pythonhosted.org/packages/c7/27/27d39076167a007091a75b8596eb2e1c5898986b21c1ec1cdecbda635df0/types_s3transfer-0.10.2.tar.gz", hash = "sha256:60167a3bfb5c536ec6cdb5818f7f9a28edca9dc3e0b5ff85ae374526fc5e576e", size = 13825 }
wheels = [
    { url = "https://files.pythonhosted.org/packages/bc/80/24038d0a8850b1a5b104627caaf676e334a01719148e6d6270b9a3c1fd10/types_s3transfer-0.10.2-py3-none-any.whl", hash = "sha256:7a3fec8cd632e2b5efb665a355ef93c2a87fdd5a45b74a949f95a9e628a86356", size = 18739 },
]

[[package]]
name = "typing-extensions"
version = "4.12.2"
source = { registry = "https://pypi.org/simple" }
sdist = { url = "https://files.pythonhosted.org/packages/df/db/f35a00659bc03fec321ba8bce9420de607a1d37f8342eee1863174c69557/typing_extensions-4.12.2.tar.gz", hash = "sha256:1a7ead55c7e559dd4dee8856e3a88b41225abfe1ce8df57b7c13915fe121ffb8", size = 85321 }
wheels = [
    { url = "https://files.pythonhosted.org/packages/26/9f/ad63fc0248c5379346306f8668cda6e2e2e9c95e01216d2b8ffd9ff037d0/typing_extensions-4.12.2-py3-none-any.whl", hash = "sha256:04e5ca0351e0f3f85c6853954072df659d0d13fac324d0072316b67d7794700d", size = 37438 },
]

[[package]]
name = "urllib3"
version = "2.2.3"
source = { registry = "https://pypi.org/simple" }
sdist = { url = "https://files.pythonhosted.org/packages/ed/63/22ba4ebfe7430b76388e7cd448d5478814d3032121827c12a2cc287e2260/urllib3-2.2.3.tar.gz", hash = "sha256:e7d814a81dad81e6caf2ec9fdedb284ecc9c73076b62654547cc64ccdcae26e9", size = 300677 }
wheels = [
    { url = "https://files.pythonhosted.org/packages/ce/d9/5f4c13cecde62396b0d3fe530a50ccea91e7dfc1ccf0e09c228841bb5ba8/urllib3-2.2.3-py3-none-any.whl", hash = "sha256:ca899ca043dcb1bafa3e262d73aa25c465bfb49e0bd9dd5d59f1d0acba2f8fac", size = 126338 },
]

[[package]]
name = "wcwidth"
version = "0.2.13"
source = { registry = "https://pypi.org/simple" }
sdist = { url = "https://files.pythonhosted.org/packages/6c/63/53559446a878410fc5a5974feb13d31d78d752eb18aeba59c7fef1af7598/wcwidth-0.2.13.tar.gz", hash = "sha256:72ea0c06399eb286d978fdedb6923a9eb47e1c486ce63e9b4e64fc18303972b5", size = 101301 }
wheels = [
    { url = "https://files.pythonhosted.org/packages/fd/84/fd2ba7aafacbad3c4201d395674fc6348826569da3c0937e75505ead3528/wcwidth-0.2.13-py2.py3-none-any.whl", hash = "sha256:3da69048e4540d84af32131829ff948f1e022c1c6bdb8d6102117aac784f6859", size = 34166 },
]
