version = 1
requires-python = ">=3.12"

[[package]]
name = "grpcio"
version = "1.66.1"
source = { registry = "https://pypi.org/simple" }
sdist = { url = "https://files.pythonhosted.org/packages/e7/42/94293200e40480d79fc876b2330e7dffb20f959b390afa77c0dbaa0c8372/grpcio-1.66.1.tar.gz", hash = "sha256:35334f9c9745add3e357e3372756fd32d925bd52c41da97f4dfdafbde0bf0ee2", size = 12326405 }
wheels = [
    { url = "https://files.pythonhosted.org/packages/25/31/fa15c10757a8703332d9f9eff2ab676e8f8807e8636c01b965a37f806ded/grpcio-1.66.1-cp312-cp312-linux_armv7l.whl", hash = "sha256:a92c4f58c01c77205df6ff999faa008540475c39b835277fb8883b11cada127a", size = 4912090 },
    { url = "https://files.pythonhosted.org/packages/31/3f/09f796724b44b625e4d294f6df8ab0bb63b4709664bd574ea97a8c0d6159/grpcio-1.66.1-cp312-cp312-macosx_10_9_universal2.whl", hash = "sha256:fdb14bad0835914f325349ed34a51940bc2ad965142eb3090081593c6e347be9", size = 10579733 },
    { url = "https://files.pythonhosted.org/packages/bc/d5/15c5934ac3550f682b04753e5481eca18a3710b220e16d3345a7e6f7c9f6/grpcio-1.66.1-cp312-cp312-manylinux_2_17_aarch64.whl", hash = "sha256:f03a5884c56256e08fd9e262e11b5cfacf1af96e2ce78dc095d2c41ccae2c80d", size = 5421092 },
    { url = "https://files.pythonhosted.org/packages/fa/77/f8ab8d436373ad09e1f8f50bf759b4afc8ad1bc121e5cf7dedd8507a4b63/grpcio-1.66.1-cp312-cp312-manylinux_2_17_i686.manylinux2014_i686.whl", hash = "sha256:2ca2559692d8e7e245d456877a85ee41525f3ed425aa97eb7a70fc9a79df91a0", size = 6028550 },
    { url = "https://files.pythonhosted.org/packages/1d/6c/a813a5b6d716cbc5cc3e496b186b6878816bf5f32aa7f7ae5f9d8dc5e669/grpcio-1.66.1-cp312-cp312-manylinux_2_17_x86_64.manylinux2014_x86_64.whl", hash = "sha256:84ca1be089fb4446490dd1135828bd42a7c7f8421e74fa581611f7afdf7ab761", size = 5672550 },
    { url = "https://files.pythonhosted.org/packages/a0/72/06962e2891fe3846a9dc61547d8ef35151b8976a083187e6647e65306c45/grpcio-1.66.1-cp312-cp312-musllinux_1_1_i686.whl", hash = "sha256:d639c939ad7c440c7b2819a28d559179a4508783f7e5b991166f8d7a34b52815", size = 6354719 },
    { url = "https://files.pythonhosted.org/packages/43/10/4db87a953a3f3c73a8284e176556b6eca33496b8ffaa93107f37f772148e/grpcio-1.66.1-cp312-cp312-musllinux_1_1_x86_64.whl", hash = "sha256:b9feb4e5ec8dc2d15709f4d5fc367794d69277f5d680baf1910fc9915c633524", size = 5933351 },
    { url = "https://files.pythonhosted.org/packages/47/c7/f1fdd77bbe1c6459777a2d604228cc80124373e75d775c2a019755c29182/grpcio-1.66.1-cp312-cp312-win32.whl", hash = "sha256:7101db1bd4cd9b880294dec41a93fcdce465bdbb602cd8dc5bd2d6362b618759", size = 3538005 },
    { url = "https://files.pythonhosted.org/packages/66/2b/a6e68d7ea6f4fbc31cce20e354d6cef484da0a9891ee6a3eaf3aa9659d01/grpcio-1.66.1-cp312-cp312-win_amd64.whl", hash = "sha256:b0aa03d240b5539648d996cc60438f128c7f46050989e35b25f5c18286c86734", size = 4275565 },
]

[[package]]
name = "grpcio-tools"
version = "1.66.1"
source = { registry = "https://pypi.org/simple" }
dependencies = [
    { name = "grpcio" },
    { name = "protobuf" },
    { name = "setuptools" },
]
sdist = { url = "https://files.pythonhosted.org/packages/a0/0a/525e16d71c301a86295efd3ff4c0967b27c0df43bea8679b509a9871f081/grpcio_tools-1.66.1.tar.gz", hash = "sha256:5055ffe840ea8f505c30378be02afb4dbecb33480e554debe10b63d6b2f641c3", size = 5134197 }
wheels = [
    { url = "https://files.pythonhosted.org/packages/4e/56/aca08b9c6b9ee8993a813ce1f368cbc6727b1ad07c310187577043f67cc2/grpcio_tools-1.66.1-cp312-cp312-linux_armv7l.whl", hash = "sha256:869b6960d5daffda0dac1a474b44144f0dace0d4336394e499c4f400c5e2f8d9", size = 2303738 },
    { url = "https://files.pythonhosted.org/packages/3f/57/ac174f49b53575144eff321aa50154258772d0b38cbed0ea43013cfe81b2/grpcio_tools-1.66.1-cp312-cp312-macosx_10_9_universal2.whl", hash = "sha256:68d9390bf9ba863ac147fc722d6548caa587235e887cac1bc2438212e89d1de7", size = 5517167 },
    { url = "https://files.pythonhosted.org/packages/4e/ef/076a7d8c001822748badfbecbc3aae4952d27c96ad3a9ec2a29d4f9b6597/grpcio_tools-1.66.1-cp312-cp312-manylinux_2_17_aarch64.whl", hash = "sha256:b8660401beca7e3af28722439e07b0bcdca80b4a68f5a5a1138ae7b7780a6abf", size = 2277387 },
    { url = "https://files.pythonhosted.org/packages/2b/3d/aee7ced9a7fe03d89614d1c3d4329196cf19f53a500a74a95f30ecd4a8db/grpcio_tools-1.66.1-cp312-cp312-manylinux_2_17_i686.manylinux2014_i686.whl", hash = "sha256:eb67b9aa9cd69468bceb933e8e0f89fd13695746c018c4d2e6b3b84e73f3ad97", size = 2614664 },
    { url = "https://files.pythonhosted.org/packages/f2/5b/301454bf271387d7b9ae0d558c378439f2b04348454a078ef643053ea927/grpcio_tools-1.66.1-cp312-cp312-manylinux_2_17_x86_64.manylinux2014_x86_64.whl", hash = "sha256:5daceb9716e31edc0e1ba0f93303785211438c43502edddad7a919fc4cb3d664", size = 2410380 },
    { url = "https://files.pythonhosted.org/packages/c6/9a/9e4aade28086132bd98ab0b211e20212fb13083804a5d27ddf48db488f7d/grpcio_tools-1.66.1-cp312-cp312-musllinux_1_1_i686.whl", hash = "sha256:0a86398a4cd0665bc7f09fa90b89bac592c959d2c895bf3cf5d47a98c0f2d24c", size = 3220769 },
    { url = "https://files.pythonhosted.org/packages/4c/94/f9ba40533343ba41b9e30dffd0b6aeec547899d96e2abe0d38d9de0e5b66/grpcio_tools-1.66.1-cp312-cp312-musllinux_1_1_x86_64.whl", hash = "sha256:1b4acb53338072ab3023e418a5c7059cb15686abd1607516fa1453406dd5f69d", size = 2862020 },
    { url = "https://files.pythonhosted.org/packages/c2/fc/56363d3f3104db397133a17ee89fc28b3e3336d5b1d828ac9a8ef7de0739/grpcio_tools-1.66.1-cp312-cp312-win32.whl", hash = "sha256:88e04b7546101bc79c868c941777efd5088063a9e4f03b4d7263dde796fbabf7", size = 939849 },
    { url = "https://files.pythonhosted.org/packages/54/72/3d22a6e543971f74afe5a98c6eeb056f14d901c3b47bae6bc10733649c16/grpcio_tools-1.66.1-cp312-cp312-win_amd64.whl", hash = "sha256:5b4fc56abeafae74140f5da29af1093e88ce64811d77f1a81c3146e9e996fb6a", size = 1089734 },
]

[[package]]
name = "protobuf"
version = "5.27.5"
source = { registry = "https://pypi.org/simple" }
sdist = { url = "https://files.pythonhosted.org/packages/d8/a6/94e05400fc84f90f1c1476c23388bf2a3d5b8a5f88fdf1f45dc778ba4412/protobuf-5.27.5.tar.gz", hash = "sha256:7fa81bc550201144a32f4478659da06e0b2ebe4d5303aacce9a202a1c3d5178d", size = 401551 }
wheels = [
    { url = "https://files.pythonhosted.org/packages/d9/c9/5ee60cce78a83517b66aaf902c936c6db5b23afd6df7f9906aa67e4931a5/protobuf-5.27.5-cp310-abi3-win32.whl", hash = "sha256:b46647660bc433a43519af7faabe424bf2feb8db6e2293e6906c7aa3a1abefe2", size = 405813 },
    { url = "https://files.pythonhosted.org/packages/78/46/68408f3a013fee550522930db0eb28df4716c5b2bac5055f00847d6dfc91/protobuf-5.27.5-cp310-abi3-win_amd64.whl", hash = "sha256:5aa37101a985559722e84badf583532b0ec92616a2cc5d3f59f6152f136ca46a", size = 426904 },
    { url = "https://files.pythonhosted.org/packages/52/11/e372413162ff4da44edf9220eb5d2cd03ff6a4b87a9b7b298ca729ddbb96/protobuf-5.27.5-cp38-abi3-macosx_10_9_universal2.whl", hash = "sha256:83fc15159713bb1de8e24e025d8739c6c9c6856021d2834d6feb0d1d5c6ec3c6", size = 412232 },
    { url = "https://files.pythonhosted.org/packages/0a/3c/bd25f165ba1bcbc43a0211c962c97007b6d88668a798a2d3c99e7688a08c/protobuf-5.27.5-cp38-abi3-manylinux2014_aarch64.whl", hash = "sha256:56cb4f9ade31597d06a5aca264cb5d9bf445dc07758296004ead080ec8e4087c", size = 307126 },
    { url = "https://files.pythonhosted.org/packages/34/8a/1538a34d6f57d9a2ef68384ef39cca1e00cb4d19398be2873995a50657c7/protobuf-5.27.5-cp38-abi3-manylinux2014_x86_64.whl", hash = "sha256:aab519ebdc1bd7469e7df4011545ff4f81decad6d02f0185ddbe6ee496f1d940", size = 309244 },
    { url = "https://files.pythonhosted.org/packages/5b/22/f3dde34910f908b927dfd6870f33adbb963c90360324d33eb334722acd59/protobuf-5.27.5-py3-none-any.whl", hash = "sha256:03a25e0b2b0271bc63fe009d30890ba907fd36dbe2b8e4851da4bb893d251d05", size = 164755 },
]

[[package]]
name = "ruff"
version = "0.6.6"
source = { registry = "https://pypi.org/simple" }
sdist = { url = "https://files.pythonhosted.org/packages/70/47/8220a40d1e60042d3a3a1cdf81cbafe674475cf8d60db2e28d0e4e004069/ruff-0.6.6.tar.gz", hash = "sha256:0fc030b6fd14814d69ac0196396f6761921bd20831725c7361e1b8100b818034", size = 3070828 }
wheels = [
    { url = "https://files.pythonhosted.org/packages/25/34/a34080926faed8ee41a4faf34e5993e367cd414cec543301113b0930f640/ruff-0.6.6-py3-none-linux_armv6l.whl", hash = "sha256:f5bc5398457484fc0374425b43b030e4668ed4d2da8ee7fdda0e926c9f11ccfb", size = 11353484 },
    { url = "https://files.pythonhosted.org/packages/22/ad/9c0b2fae42bfb54b91161b29b6b73bf73bfe7ddc03d5d3d0b4884a49df95/ruff-0.6.6-py3-none-macosx_10_12_x86_64.whl", hash = "sha256:515a698254c9c47bb84335281a170213b3ee5eb47feebe903e1be10087a167ce", size = 11011998 },
    { url = "https://files.pythonhosted.org/packages/93/69/e406b534cbe2f4b992de0f4a8f9a790e4b93a3f5ca56f151e2665db95625/ruff-0.6.6-py3-none-macosx_11_0_arm64.whl", hash = "sha256:6bb1b4995775f1837ab70f26698dd73852bbb82e8f70b175d2713c0354fe9182", size = 10524580 },
    { url = "https://files.pythonhosted.org/packages/26/5b/2e6fd424d78bd942dbf51f4a29512d5e698bfd9cad1245ad50ea679d5aa8/ruff-0.6.6-py3-none-manylinux_2_17_aarch64.manylinux2014_aarch64.whl", hash = "sha256:69c546f412dfae8bb9cc4f27f0e45cdd554e42fecbb34f03312b93368e1cd0a6", size = 11652644 },
    { url = "https://files.pythonhosted.org/packages/05/73/e6eab18071ac908135bcc9873c0bde240cffd8d5cfcfef8efa00eae186e4/ruff-0.6.6-py3-none-manylinux_2_17_armv7l.manylinux2014_armv7l.whl", hash = "sha256:59627e97364329e4eae7d86fa7980c10e2b129e2293d25c478ebcb861b3e3fd6", size = 11096545 },
    { url = "https://files.pythonhosted.org/packages/63/64/e8da4e45174067e584f4d1105a160e018d8148158da7275a52f6090bd4bc/ruff-0.6.6-py3-none-manylinux_2_17_i686.manylinux2014_i686.whl", hash = "sha256:94c3f78c3d32190aafbb6bc5410c96cfed0a88aadb49c3f852bbc2aa9783a7d8", size = 12005773 },
    { url = "https://files.pythonhosted.org/packages/2b/71/57fb76dc5a93cfa2c7d2a848d0c103e493c6553db3cbf30d642da522ee38/ruff-0.6.6-py3-none-manylinux_2_17_ppc64.manylinux2014_ppc64.whl", hash = "sha256:704da526c1e137f38c8a067a4a975fe6834b9f8ba7dbc5fd7503d58148851b8f", size = 12758296 },
    { url = "https://files.pythonhosted.org/packages/5a/85/583c969d1b6725aefeef2eb45e88e8ea55c30e017be8e158c322ee8bea56/ruff-0.6.6-py3-none-manylinux_2_17_ppc64le.manylinux2014_ppc64le.whl", hash = "sha256:efeede5815a24104579a0f6320660536c5ffc1c91ae94f8c65659af915fb9de9", size = 12295191 },
    { url = "https://files.pythonhosted.org/packages/a6/eb/7496d2de40818ea32c0ffb75aff405b9de7dda079bcdd45952eb17216e37/ruff-0.6.6-py3-none-manylinux_2_17_s390x.manylinux2014_s390x.whl", hash = "sha256:e368aef0cc02ca3593eae2fb8186b81c9c2b3f39acaaa1108eb6b4d04617e61f", size = 13402527 },
    { url = "https://files.pythonhosted.org/packages/71/27/873696e146821535c84ad2a8dc488fe78298cd0fd1a0d24a946991363b50/ruff-0.6.6-py3-none-manylinux_2_17_x86_64.manylinux2014_x86_64.whl", hash = "sha256:2653fc3b2a9315bd809725c88dd2446550099728d077a04191febb5ea79a4f79", size = 11872520 },
    { url = "https://files.pythonhosted.org/packages/fd/88/6da14ef37b88c42191246a217c58e1d5f0a83db9748e018e94ad05936466/ruff-0.6.6-py3-none-musllinux_1_2_aarch64.whl", hash = "sha256:bb858cd9ce2d062503337c5b9784d7b583bcf9d1a43c4df6ccb5eab774fbafcb", size = 11683880 },
    { url = "https://files.pythonhosted.org/packages/37/a3/8b9650748f72552e83f11f1d16786a24346128f4460d5b6945ed1f651901/ruff-0.6.6-py3-none-musllinux_1_2_armv7l.whl", hash = "sha256:488f8e15c01ea9afb8c0ba35d55bd951f484d0c1b7c5fd746ce3c47ccdedce68", size = 11186349 },
    { url = "https://files.pythonhosted.org/packages/ba/92/49523f745cf2330de1347110048cfd453de9486bef5498360595b6627074/ruff-0.6.6-py3-none-musllinux_1_2_i686.whl", hash = "sha256:aefb0bd15f1cfa4c9c227b6120573bb3d6c4ee3b29fb54a5ad58f03859bc43c6", size = 11555881 },
    { url = "https://files.pythonhosted.org/packages/99/cc/cd9ca48cb0b9b1b52710dd2f1e30c347f6cee5c455b53368665d274bfcd4/ruff-0.6.6-py3-none-musllinux_1_2_x86_64.whl", hash = "sha256:a4c0698cc780bcb2c61496cbd56b6a3ac0ad858c966652f7dbf4ceb029252fbe", size = 11956426 },
    { url = "https://files.pythonhosted.org/packages/9d/a2/35c45a784d86daf6dab1510cbb5e572bee33b5c035e6f8e78f510c393acf/ruff-0.6.6-py3-none-win32.whl", hash = "sha256:aadf81ddc8ab5b62da7aae78a91ec933cbae9f8f1663ec0325dae2c364e4ad84", size = 9263539 },
    { url = "https://files.pythonhosted.org/packages/4a/87/c2a6fa6d1ec73a0f8b0713d69a29f8cdc17b251cd0e0ca3a96a78246ddce/ruff-0.6.6-py3-none-win_amd64.whl", hash = "sha256:0adb801771bc1f1b8cf4e0a6fdc30776e7c1894810ff3b344e50da82ef50eeb1", size = 10114810 },
    { url = "https://files.pythonhosted.org/packages/aa/b3/bfe8725d1c38addc86a2b5674ba4e3fd8ab3edb320dcd3f815b227b78b84/ruff-0.6.6-py3-none-win_arm64.whl", hash = "sha256:4b4d32c137bc781c298964dd4e52f07d6f7d57c03eae97a72d97856844aa510a", size = 9485847 },
]

[[package]]
name = "seniority"
version = "0.1.0"
source = { editable = "." }
dependencies = [
    { name = "grpcio" },
    { name = "grpcio-tools" },
    { name = "protobuf" },
]

[package.dev-dependencies]
dev = [
    { name = "ruff" },
]

[package.metadata]
requires-dist = [
    { name = "grpcio", specifier = ">=1.66.1,<1.67" },
    { name = "grpcio-tools", specifier = ">=1.66.1,<1.67" },
    { name = "protobuf", specifier = ">=5.27.2,<5.28.0" },
]

[package.metadata.requires-dev]
dev = [{ name = "ruff", specifier = ">=0.6.6" }]

[[package]]
name = "setuptools"
version = "75.1.0"
source = { registry = "https://pypi.org/simple" }
sdist = { url = "https://files.pythonhosted.org/packages/27/b8/f21073fde99492b33ca357876430822e4800cdf522011f18041351dfa74b/setuptools-75.1.0.tar.gz", hash = "sha256:d59a21b17a275fb872a9c3dae73963160ae079f1049ed956880cd7c09b120538", size = 1348057 }
wheels = [
    { url = "https://files.pythonhosted.org/packages/ff/ae/f19306b5a221f6a436d8f2238d5b80925004093fa3edea59835b514d9057/setuptools-75.1.0-py3-none-any.whl", hash = "sha256:35ab7fd3bcd95e6b7fd704e4a1539513edad446c097797f2985e0e4b960772f2", size = 1248506 },
]
